// !$*UTF8*$!
{
	archiveVersion = 1;
	classes = {
	};
	objectVersion = 51;
	objects = {

/* Begin PBXBuildFile section */
		35697B833E2C1875FA857664 /* Pods_TestTMBDTests.framework in Frameworks */ = {isa = PBXBuildFile; fileRef = 69EA94043B5F75217450763A /* Pods_TestTMBDTests.framework */; };
		DB0DAF67C171E7D8EECE0623 /* Pods_TestTMBD.framework in Frameworks */ = {isa = PBXBuildFile; fileRef = 0316BD3B397406145F1B3861 /* Pods_TestTMBD.framework */; };
		DB94D98E23D0D72E00617C30 /* TMDB_Teste.swift in Sources */ = {isa = PBXBuildFile; fileRef = DB94D98D23D0D72E00617C30 /* TMDB_Teste.swift */; };
		DB94D99023D0DFBE00617C30 /* MoviesListPresenterTest.swift in Sources */ = {isa = PBXBuildFile; fileRef = DB94D98F23D0DFBE00617C30 /* MoviesListPresenterTest.swift */; };
		DBB2E1EF23EB4EBC00FACCCD /* FavoritesTableViewController.swift in Sources */ = {isa = PBXBuildFile; fileRef = DBB2E1EE23EB4EBC00FACCCD /* FavoritesTableViewController.swift */; };
		DBB2E1F123EB4EE900FACCCD /* FavoritesPresenter.swift in Sources */ = {isa = PBXBuildFile; fileRef = DBB2E1F023EB4EE900FACCCD /* FavoritesPresenter.swift */; };
		DBB2E1F323EB4EF900FACCCD /* FavoritesService.swift in Sources */ = {isa = PBXBuildFile; fileRef = DBB2E1F223EB4EF900FACCCD /* FavoritesService.swift */; };
		DBB2E1F523EB4F0B00FACCCD /* FavoritesView.swift in Sources */ = {isa = PBXBuildFile; fileRef = DBB2E1F423EB4F0B00FACCCD /* FavoritesView.swift */; };
		DBB5ECFC23BA3DF500BD1996 /* DetailsViewController.swift in Sources */ = {isa = PBXBuildFile; fileRef = DBB5ECFB23BA3DF500BD1996 /* DetailsViewController.swift */; };
		DBF5B02423AABDB500DBBE90 /* AppDelegate.swift in Sources */ = {isa = PBXBuildFile; fileRef = DBF5B02323AABDB500DBBE90 /* AppDelegate.swift */; };
		DBF5B02923AABDB500DBBE90 /* Main.storyboard in Resources */ = {isa = PBXBuildFile; fileRef = DBF5B02723AABDB500DBBE90 /* Main.storyboard */; };
		DBF5B02B23AABDB700DBBE90 /* Assets.xcassets in Resources */ = {isa = PBXBuildFile; fileRef = DBF5B02A23AABDB700DBBE90 /* Assets.xcassets */; };
		DBF5B02E23AABDB700DBBE90 /* LaunchScreen.storyboard in Resources */ = {isa = PBXBuildFile; fileRef = DBF5B02C23AABDB700DBBE90 /* LaunchScreen.storyboard */; };
		DBF5B04623B0FFA600DBBE90 /* MoviesTableViewController.swift in Sources */ = {isa = PBXBuildFile; fileRef = DBF5B04523B0FFA600DBBE90 /* MoviesTableViewController.swift */; };
		DBF5B04823B1087F00DBBE90 /* MoviesListView.swift in Sources */ = {isa = PBXBuildFile; fileRef = DBF5B04723B1087F00DBBE90 /* MoviesListView.swift */; };
		DBF5B04A23B1089A00DBBE90 /* MoviesListPresenter.swift in Sources */ = {isa = PBXBuildFile; fileRef = DBF5B04923B1089A00DBBE90 /* MoviesListPresenter.swift */; };
		DBF5B04C23B108AD00DBBE90 /* MoviesListService.swift in Sources */ = {isa = PBXBuildFile; fileRef = DBF5B04B23B108AD00DBBE90 /* MoviesListService.swift */; };
		DBF5B05023B4F6A000DBBE90 /* MovieModel.swift in Sources */ = {isa = PBXBuildFile; fileRef = DBF5B04F23B4F6A000DBBE90 /* MovieModel.swift */; };
		DBF5B05223B526C600DBBE90 /* TableViewCell.swift in Sources */ = {isa = PBXBuildFile; fileRef = DBF5B05123B526C600DBBE90 /* TableViewCell.swift */; };
/* End PBXBuildFile section */

/* Begin PBXContainerItemProxy section */
		DBF5B03523AABDB700DBBE90 /* PBXContainerItemProxy */ = {
			isa = PBXContainerItemProxy;
			containerPortal = DBF5B01823AABDB500DBBE90 /* Project object */;
			proxyType = 1;
			remoteGlobalIDString = DBF5B01F23AABDB500DBBE90;
			remoteInfo = TestTMBD;
		};
/* End PBXContainerItemProxy section */

/* Begin PBXFileReference section */
		0316BD3B397406145F1B3861 /* Pods_TestTMBD.framework */ = {isa = PBXFileReference; explicitFileType = wrapper.framework; includeInIndex = 0; path = Pods_TestTMBD.framework; sourceTree = BUILT_PRODUCTS_DIR; };
		21E892D193E6B77D5B93AA6D /* Pods-TestTMBD.release.xcconfig */ = {isa = PBXFileReference; includeInIndex = 1; lastKnownFileType = text.xcconfig; name = "Pods-TestTMBD.release.xcconfig"; path = "Target Support Files/Pods-TestTMBD/Pods-TestTMBD.release.xcconfig"; sourceTree = "<group>"; };
		69EA94043B5F75217450763A /* Pods_TestTMBDTests.framework */ = {isa = PBXFileReference; explicitFileType = wrapper.framework; includeInIndex = 0; path = Pods_TestTMBDTests.framework; sourceTree = BUILT_PRODUCTS_DIR; };
		8180F3B6EB1408EC921F47A9 /* Pods-TestTMBD.debug.xcconfig */ = {isa = PBXFileReference; includeInIndex = 1; lastKnownFileType = text.xcconfig; name = "Pods-TestTMBD.debug.xcconfig"; path = "Target Support Files/Pods-TestTMBD/Pods-TestTMBD.debug.xcconfig"; sourceTree = "<group>"; };
		9782CC792B9CCA8E6BB0C288 /* Pods-TestTMBDTests.debug.xcconfig */ = {isa = PBXFileReference; includeInIndex = 1; lastKnownFileType = text.xcconfig; name = "Pods-TestTMBDTests.debug.xcconfig"; path = "Target Support Files/Pods-TestTMBDTests/Pods-TestTMBDTests.debug.xcconfig"; sourceTree = "<group>"; };
		DB94D98D23D0D72E00617C30 /* TMDB_Teste.swift */ = {isa = PBXFileReference; lastKnownFileType = sourcecode.swift; path = TMDB_Teste.swift; sourceTree = "<group>"; };
		DB94D98F23D0DFBE00617C30 /* MoviesListPresenterTest.swift */ = {isa = PBXFileReference; lastKnownFileType = sourcecode.swift; path = MoviesListPresenterTest.swift; sourceTree = "<group>"; };
		DBB2E1EE23EB4EBC00FACCCD /* FavoritesTableViewController.swift */ = {isa = PBXFileReference; lastKnownFileType = sourcecode.swift; path = FavoritesTableViewController.swift; sourceTree = "<group>"; };
		DBB2E1F023EB4EE900FACCCD /* FavoritesPresenter.swift */ = {isa = PBXFileReference; lastKnownFileType = sourcecode.swift; path = FavoritesPresenter.swift; sourceTree = "<group>"; };
		DBB2E1F223EB4EF900FACCCD /* FavoritesService.swift */ = {isa = PBXFileReference; lastKnownFileType = sourcecode.swift; path = FavoritesService.swift; sourceTree = "<group>"; };
		DBB2E1F423EB4F0B00FACCCD /* FavoritesView.swift */ = {isa = PBXFileReference; lastKnownFileType = sourcecode.swift; path = FavoritesView.swift; sourceTree = "<group>"; };
		DBB5ECFB23BA3DF500BD1996 /* DetailsViewController.swift */ = {isa = PBXFileReference; lastKnownFileType = sourcecode.swift; path = DetailsViewController.swift; sourceTree = "<group>"; };
		DBF5B02023AABDB500DBBE90 /* TestTMBD.app */ = {isa = PBXFileReference; explicitFileType = wrapper.application; includeInIndex = 0; path = TestTMBD.app; sourceTree = BUILT_PRODUCTS_DIR; };
		DBF5B02323AABDB500DBBE90 /* AppDelegate.swift */ = {isa = PBXFileReference; lastKnownFileType = sourcecode.swift; path = AppDelegate.swift; sourceTree = "<group>"; };
		DBF5B02823AABDB500DBBE90 /* Base */ = {isa = PBXFileReference; lastKnownFileType = file.storyboard; name = Base; path = Base.lproj/Main.storyboard; sourceTree = "<group>"; };
		DBF5B02A23AABDB700DBBE90 /* Assets.xcassets */ = {isa = PBXFileReference; lastKnownFileType = folder.assetcatalog; path = Assets.xcassets; sourceTree = "<group>"; };
		DBF5B02D23AABDB700DBBE90 /* Base */ = {isa = PBXFileReference; lastKnownFileType = file.storyboard; name = Base; path = Base.lproj/LaunchScreen.storyboard; sourceTree = "<group>"; };
		DBF5B02F23AABDB700DBBE90 /* Info.plist */ = {isa = PBXFileReference; lastKnownFileType = text.plist.xml; path = Info.plist; sourceTree = "<group>"; };
		DBF5B03423AABDB700DBBE90 /* TestTMBDTests.xctest */ = {isa = PBXFileReference; explicitFileType = wrapper.cfbundle; includeInIndex = 0; path = TestTMBDTests.xctest; sourceTree = BUILT_PRODUCTS_DIR; };
		DBF5B03A23AABDB700DBBE90 /* Info.plist */ = {isa = PBXFileReference; lastKnownFileType = text.plist.xml; path = Info.plist; sourceTree = "<group>"; };
		DBF5B04523B0FFA600DBBE90 /* MoviesTableViewController.swift */ = {isa = PBXFileReference; lastKnownFileType = sourcecode.swift; path = MoviesTableViewController.swift; sourceTree = "<group>"; };
		DBF5B04723B1087F00DBBE90 /* MoviesListView.swift */ = {isa = PBXFileReference; lastKnownFileType = sourcecode.swift; path = MoviesListView.swift; sourceTree = "<group>"; };
		DBF5B04923B1089A00DBBE90 /* MoviesListPresenter.swift */ = {isa = PBXFileReference; lastKnownFileType = sourcecode.swift; path = MoviesListPresenter.swift; sourceTree = "<group>"; };
		DBF5B04B23B108AD00DBBE90 /* MoviesListService.swift */ = {isa = PBXFileReference; lastKnownFileType = sourcecode.swift; path = MoviesListService.swift; sourceTree = "<group>"; };
		DBF5B04F23B4F6A000DBBE90 /* MovieModel.swift */ = {isa = PBXFileReference; lastKnownFileType = sourcecode.swift; path = MovieModel.swift; sourceTree = "<group>"; };
		DBF5B05123B526C600DBBE90 /* TableViewCell.swift */ = {isa = PBXFileReference; lastKnownFileType = sourcecode.swift; path = TableViewCell.swift; sourceTree = "<group>"; };
		F37FBEC24E17AC1DAAF6BE16 /* Pods-TestTMBDTests.release.xcconfig */ = {isa = PBXFileReference; includeInIndex = 1; lastKnownFileType = text.xcconfig; name = "Pods-TestTMBDTests.release.xcconfig"; path = "Target Support Files/Pods-TestTMBDTests/Pods-TestTMBDTests.release.xcconfig"; sourceTree = "<group>"; };
/* End PBXFileReference section */

/* Begin PBXFrameworksBuildPhase section */
		DBF5B01D23AABDB500DBBE90 /* Frameworks */ = {
			isa = PBXFrameworksBuildPhase;
			buildActionMask = 2147483647;
			files = (
				DB0DAF67C171E7D8EECE0623 /* Pods_TestTMBD.framework in Frameworks */,
			);
			runOnlyForDeploymentPostprocessing = 0;
		};
		DBF5B03123AABDB700DBBE90 /* Frameworks */ = {
			isa = PBXFrameworksBuildPhase;
			buildActionMask = 2147483647;
			files = (
				35697B833E2C1875FA857664 /* Pods_TestTMBDTests.framework in Frameworks */,
			);
			runOnlyForDeploymentPostprocessing = 0;
		};
/* End PBXFrameworksBuildPhase section */

/* Begin PBXGroup section */
		53095751207B955539F7D96D /* Pods */ = {
			isa = PBXGroup;
			children = (
				8180F3B6EB1408EC921F47A9 /* Pods-TestTMBD.debug.xcconfig */,
				21E892D193E6B77D5B93AA6D /* Pods-TestTMBD.release.xcconfig */,
				9782CC792B9CCA8E6BB0C288 /* Pods-TestTMBDTests.debug.xcconfig */,
				F37FBEC24E17AC1DAAF6BE16 /* Pods-TestTMBDTests.release.xcconfig */,
			);
			path = Pods;
			sourceTree = "<group>";
		};
		DBB2E1ED23EB4E8F00FACCCD /* FavoriteMovies */ = {
			isa = PBXGroup;
			children = (
				DBB2E1F423EB4F0B00FACCCD /* FavoritesView.swift */,
				DBB2E1EE23EB4EBC00FACCCD /* FavoritesTableViewController.swift */,
				DBB2E1F023EB4EE900FACCCD /* FavoritesPresenter.swift */,
				DBB2E1F223EB4EF900FACCCD /* FavoritesService.swift */,
			);
			path = FavoriteMovies;
			sourceTree = "<group>";
		};
		DBB5ECFA23BA3DC100BD1996 /* MovieDetails */ = {
			isa = PBXGroup;
			children = (
				DBB5ECFB23BA3DF500BD1996 /* DetailsViewController.swift */,
			);
			path = MovieDetails;
			sourceTree = "<group>";
		};
		DBF5B01723AABDB500DBBE90 = {
			isa = PBXGroup;
			children = (
				DBF5B02223AABDB500DBBE90 /* TestTMBD */,
				DBF5B03723AABDB700DBBE90 /* TestTMBDTests */,
				DBF5B02123AABDB500DBBE90 /* Products */,
				53095751207B955539F7D96D /* Pods */,
				F4FA2A4DAFE7CF06185F69DF /* Frameworks */,
			);
			sourceTree = "<group>";
		};
		DBF5B02123AABDB500DBBE90 /* Products */ = {
			isa = PBXGroup;
			children = (
				DBF5B02023AABDB500DBBE90 /* TestTMBD.app */,
				DBF5B03423AABDB700DBBE90 /* TestTMBDTests.xctest */,
			);
			name = Products;
			sourceTree = "<group>";
		};
		DBF5B02223AABDB500DBBE90 /* TestTMBD */ = {
			isa = PBXGroup;
			children = (
				DBB2E1ED23EB4E8F00FACCCD /* FavoriteMovies */,
				DBB5ECFA23BA3DC100BD1996 /* MovieDetails */,
				DBF5B04E23B4F68800DBBE90 /* Model */,
				DBF5B04D23B108B300DBBE90 /* MoviesList */,
				DBF5B02323AABDB500DBBE90 /* AppDelegate.swift */,
				DBF5B02723AABDB500DBBE90 /* Main.storyboard */,
				DBF5B02A23AABDB700DBBE90 /* Assets.xcassets */,
				DBF5B02C23AABDB700DBBE90 /* LaunchScreen.storyboard */,
				DBF5B02F23AABDB700DBBE90 /* Info.plist */,
			);
			path = TestTMBD;
			sourceTree = "<group>";
		};
		DBF5B03723AABDB700DBBE90 /* TestTMBDTests */ = {
			isa = PBXGroup;
			children = (
				DBF5B03A23AABDB700DBBE90 /* Info.plist */,
				DB94D98D23D0D72E00617C30 /* TMDB_Teste.swift */,
				DB94D98F23D0DFBE00617C30 /* MoviesListPresenterTest.swift */,
			);
			path = TestTMBDTests;
			sourceTree = "<group>";
		};
		DBF5B04D23B108B300DBBE90 /* MoviesList */ = {
			isa = PBXGroup;
			children = (
				DBF5B04723B1087F00DBBE90 /* MoviesListView.swift */,
				DBF5B04523B0FFA600DBBE90 /* MoviesTableViewController.swift */,
				DBF5B04923B1089A00DBBE90 /* MoviesListPresenter.swift */,
				DBF5B04B23B108AD00DBBE90 /* MoviesListService.swift */,
			);
			path = MoviesList;
			sourceTree = "<group>";
		};
		DBF5B04E23B4F68800DBBE90 /* Model */ = {
			isa = PBXGroup;
			children = (
				DBF5B04F23B4F6A000DBBE90 /* MovieModel.swift */,
				DBF5B05123B526C600DBBE90 /* TableViewCell.swift */,
			);
			path = Model;
			sourceTree = "<group>";
		};
		F4FA2A4DAFE7CF06185F69DF /* Frameworks */ = {
			isa = PBXGroup;
			children = (
				0316BD3B397406145F1B3861 /* Pods_TestTMBD.framework */,
				69EA94043B5F75217450763A /* Pods_TestTMBDTests.framework */,
			);
			name = Frameworks;
			sourceTree = "<group>";
		};
/* End PBXGroup section */

/* Begin PBXNativeTarget section */
		DBF5B01F23AABDB500DBBE90 /* TestTMBD */ = {
			isa = PBXNativeTarget;
			buildConfigurationList = DBF5B03D23AABDB700DBBE90 /* Build configuration list for PBXNativeTarget "TestTMBD" */;
			buildPhases = (
				DFC1B2D1CFC581F11D9E711C /* [CP] Check Pods Manifest.lock */,
				DBF5B01C23AABDB500DBBE90 /* Sources */,
				DBF5B01D23AABDB500DBBE90 /* Frameworks */,
				DBF5B01E23AABDB500DBBE90 /* Resources */,
				37B54B3820825A29D992BD5B /* [CP] Embed Pods Frameworks */,
			);
			buildRules = (
			);
			dependencies = (
			);
			name = TestTMBD;
			productName = TestTMBD;
			productReference = DBF5B02023AABDB500DBBE90 /* TestTMBD.app */;
			productType = "com.apple.product-type.application";
		};
		DBF5B03323AABDB700DBBE90 /* TestTMBDTests */ = {
			isa = PBXNativeTarget;
			buildConfigurationList = DBF5B04023AABDB700DBBE90 /* Build configuration list for PBXNativeTarget "TestTMBDTests" */;
			buildPhases = (
				7C0B58B73B427C6CE5CC3E7C /* [CP] Check Pods Manifest.lock */,
				DBF5B03023AABDB700DBBE90 /* Sources */,
				DBF5B03123AABDB700DBBE90 /* Frameworks */,
				DBF5B03223AABDB700DBBE90 /* Resources */,
				09265D998E70E2A2FE067E5D /* [CP] Embed Pods Frameworks */,
			);
			buildRules = (
			);
			dependencies = (
				DBF5B03623AABDB700DBBE90 /* PBXTargetDependency */,
			);
			name = TestTMBDTests;
			productName = TestTMBDTests;
			productReference = DBF5B03423AABDB700DBBE90 /* TestTMBDTests.xctest */;
			productType = "com.apple.product-type.bundle.unit-test";
		};
/* End PBXNativeTarget section */

/* Begin PBXProject section */
		DBF5B01823AABDB500DBBE90 /* Project object */ = {
			isa = PBXProject;
			attributes = {
				LastSwiftUpdateCheck = 1020;
				LastUpgradeCheck = 1020;
				ORGANIZATIONNAME = "Thiago Bevilacqua";
				TargetAttributes = {
					DBF5B01F23AABDB500DBBE90 = {
						CreatedOnToolsVersion = 10.2.1;
					};
					DBF5B03323AABDB700DBBE90 = {
						CreatedOnToolsVersion = 10.2.1;
						LastSwiftMigration = 1020;
						TestTargetID = DBF5B01F23AABDB500DBBE90;
					};
				};
			};
			buildConfigurationList = DBF5B01B23AABDB500DBBE90 /* Build configuration list for PBXProject "TestTMBD" */;
			compatibilityVersion = "Xcode 9.3";
			developmentRegion = en;
			hasScannedForEncodings = 0;
			knownRegions = (
				en,
				Base,
			);
			mainGroup = DBF5B01723AABDB500DBBE90;
			productRefGroup = DBF5B02123AABDB500DBBE90 /* Products */;
			projectDirPath = "";
			projectRoot = "";
			targets = (
				DBF5B01F23AABDB500DBBE90 /* TestTMBD */,
				DBF5B03323AABDB700DBBE90 /* TestTMBDTests */,
			);
		};
/* End PBXProject section */

/* Begin PBXResourcesBuildPhase section */
		DBF5B01E23AABDB500DBBE90 /* Resources */ = {
			isa = PBXResourcesBuildPhase;
			buildActionMask = 2147483647;
			files = (
				DBF5B02E23AABDB700DBBE90 /* LaunchScreen.storyboard in Resources */,
				DBF5B02B23AABDB700DBBE90 /* Assets.xcassets in Resources */,
				DBF5B02923AABDB500DBBE90 /* Main.storyboard in Resources */,
			);
			runOnlyForDeploymentPostprocessing = 0;
		};
		DBF5B03223AABDB700DBBE90 /* Resources */ = {
			isa = PBXResourcesBuildPhase;
			buildActionMask = 2147483647;
			files = (
			);
			runOnlyForDeploymentPostprocessing = 0;
		};
/* End PBXResourcesBuildPhase section */

/* Begin PBXShellScriptBuildPhase section */
		09265D998E70E2A2FE067E5D /* [CP] Embed Pods Frameworks */ = {
			isa = PBXShellScriptBuildPhase;
			buildActionMask = 2147483647;
			files = (
			);
			inputFileListPaths = (
				"${PODS_ROOT}/Target Support Files/Pods-TestTMBDTests/Pods-TestTMBDTests-frameworks-${CONFIGURATION}-input-files.xcfilelist",
			);
			name = "[CP] Embed Pods Frameworks";
			outputFileListPaths = (
				"${PODS_ROOT}/Target Support Files/Pods-TestTMBDTests/Pods-TestTMBDTests-frameworks-${CONFIGURATION}-output-files.xcfilelist",
			);
			runOnlyForDeploymentPostprocessing = 0;
			shellPath = /bin/sh;
			shellScript = "\"${PODS_ROOT}/Target Support Files/Pods-TestTMBDTests/Pods-TestTMBDTests-frameworks.sh\"\n";
			showEnvVarsInLog = 0;
		};
		37B54B3820825A29D992BD5B /* [CP] Embed Pods Frameworks */ = {
			isa = PBXShellScriptBuildPhase;
			buildActionMask = 2147483647;
			files = (
			);
			inputFileListPaths = (
				"${PODS_ROOT}/Target Support Files/Pods-TestTMBD/Pods-TestTMBD-frameworks-${CONFIGURATION}-input-files.xcfilelist",
			);
			name = "[CP] Embed Pods Frameworks";
			outputFileListPaths = (
				"${PODS_ROOT}/Target Support Files/Pods-TestTMBD/Pods-TestTMBD-frameworks-${CONFIGURATION}-output-files.xcfilelist",
			);
			runOnlyForDeploymentPostprocessing = 0;
			shellPath = /bin/sh;
			shellScript = "\"${PODS_ROOT}/Target Support Files/Pods-TestTMBD/Pods-TestTMBD-frameworks.sh\"\n";
			showEnvVarsInLog = 0;
		};
		7C0B58B73B427C6CE5CC3E7C /* [CP] Check Pods Manifest.lock */ = {
			isa = PBXShellScriptBuildPhase;
			buildActionMask = 2147483647;
			files = (
			);
			inputFileListPaths = (
			);
			inputPaths = (
				"${PODS_PODFILE_DIR_PATH}/Podfile.lock",
				"${PODS_ROOT}/Manifest.lock",
			);
			name = "[CP] Check Pods Manifest.lock";
			outputFileListPaths = (
			);
			outputPaths = (
				"$(DERIVED_FILE_DIR)/Pods-TestTMBDTests-checkManifestLockResult.txt",
			);
			runOnlyForDeploymentPostprocessing = 0;
			shellPath = /bin/sh;
			shellScript = "diff \"${PODS_PODFILE_DIR_PATH}/Podfile.lock\" \"${PODS_ROOT}/Manifest.lock\" > /dev/null\nif [ $? != 0 ] ; then\n    # print error to STDERR\n    echo \"error: The sandbox is not in sync with the Podfile.lock. Run 'pod install' or update your CocoaPods installation.\" >&2\n    exit 1\nfi\n# This output is used by Xcode 'outputs' to avoid re-running this script phase.\necho \"SUCCESS\" > \"${SCRIPT_OUTPUT_FILE_0}\"\n";
			showEnvVarsInLog = 0;
		};
		DFC1B2D1CFC581F11D9E711C /* [CP] Check Pods Manifest.lock */ = {
			isa = PBXShellScriptBuildPhase;
			buildActionMask = 2147483647;
			files = (
			);
			inputFileListPaths = (
			);
			inputPaths = (
				"${PODS_PODFILE_DIR_PATH}/Podfile.lock",
				"${PODS_ROOT}/Manifest.lock",
			);
			name = "[CP] Check Pods Manifest.lock";
			outputFileListPaths = (
			);
			outputPaths = (
				"$(DERIVED_FILE_DIR)/Pods-TestTMBD-checkManifestLockResult.txt",
			);
			runOnlyForDeploymentPostprocessing = 0;
			shellPath = /bin/sh;
			shellScript = "diff \"${PODS_PODFILE_DIR_PATH}/Podfile.lock\" \"${PODS_ROOT}/Manifest.lock\" > /dev/null\nif [ $? != 0 ] ; then\n    # print error to STDERR\n    echo \"error: The sandbox is not in sync with the Podfile.lock. Run 'pod install' or update your CocoaPods installation.\" >&2\n    exit 1\nfi\n# This output is used by Xcode 'outputs' to avoid re-running this script phase.\necho \"SUCCESS\" > \"${SCRIPT_OUTPUT_FILE_0}\"\n";
			showEnvVarsInLog = 0;
		};
/* End PBXShellScriptBuildPhase section */

/* Begin PBXSourcesBuildPhase section */
		DBF5B01C23AABDB500DBBE90 /* Sources */ = {
			isa = PBXSourcesBuildPhase;
			buildActionMask = 2147483647;
			files = (
				DBB2E1F123EB4EE900FACCCD /* FavoritesPresenter.swift in Sources */,
				DBF5B05023B4F6A000DBBE90 /* MovieModel.swift in Sources */,
				DBF5B04623B0FFA600DBBE90 /* MoviesTableViewController.swift in Sources */,
				DBF5B04823B1087F00DBBE90 /* MoviesListView.swift in Sources */,
				DBB2E1F323EB4EF900FACCCD /* FavoritesService.swift in Sources */,
				DBB2E1EF23EB4EBC00FACCCD /* FavoritesTableViewController.swift in Sources */,
				DBB5ECFC23BA3DF500BD1996 /* DetailsViewController.swift in Sources */,
				DBF5B04A23B1089A00DBBE90 /* MoviesListPresenter.swift in Sources */,
				DBB2E1F523EB4F0B00FACCCD /* FavoritesView.swift in Sources */,
				DBF5B04C23B108AD00DBBE90 /* MoviesListService.swift in Sources */,
				DBF5B05223B526C600DBBE90 /* TableViewCell.swift in Sources */,
				DBF5B02423AABDB500DBBE90 /* AppDelegate.swift in Sources */,
			);
			runOnlyForDeploymentPostprocessing = 0;
		};
		DBF5B03023AABDB700DBBE90 /* Sources */ = {
			isa = PBXSourcesBuildPhase;
			buildActionMask = 2147483647;
			files = (
				DB94D98E23D0D72E00617C30 /* TMDB_Teste.swift in Sources */,
				DB94D99023D0DFBE00617C30 /* MoviesListPresenterTest.swift in Sources */,
			);
			runOnlyForDeploymentPostprocessing = 0;
		};
/* End PBXSourcesBuildPhase section */

/* Begin PBXTargetDependency section */
		DBF5B03623AABDB700DBBE90 /* PBXTargetDependency */ = {
			isa = PBXTargetDependency;
			target = DBF5B01F23AABDB500DBBE90 /* TestTMBD */;
			targetProxy = DBF5B03523AABDB700DBBE90 /* PBXContainerItemProxy */;
		};
/* End PBXTargetDependency section */

/* Begin PBXVariantGroup section */
		DBF5B02723AABDB500DBBE90 /* Main.storyboard */ = {
			isa = PBXVariantGroup;
			children = (
				DBF5B02823AABDB500DBBE90 /* Base */,
			);
			name = Main.storyboard;
			sourceTree = "<group>";
		};
		DBF5B02C23AABDB700DBBE90 /* LaunchScreen.storyboard */ = {
			isa = PBXVariantGroup;
			children = (
				DBF5B02D23AABDB700DBBE90 /* Base */,
			);
			name = LaunchScreen.storyboard;
			sourceTree = "<group>";
		};
/* End PBXVariantGroup section */

/* Begin XCBuildConfiguration section */
		DBF5B03B23AABDB700DBBE90 /* Debug */ = {
			isa = XCBuildConfiguration;
			buildSettings = {
				ALWAYS_SEARCH_USER_PATHS = NO;
				CLANG_ANALYZER_NONNULL = YES;
				CLANG_ANALYZER_NUMBER_OBJECT_CONVERSION = YES_AGGRESSIVE;
				CLANG_CXX_LANGUAGE_STANDARD = "gnu++14";
				CLANG_CXX_LIBRARY = "libc++";
				CLANG_ENABLE_MODULES = YES;
				CLANG_ENABLE_OBJC_ARC = YES;
				CLANG_ENABLE_OBJC_WEAK = YES;
				CLANG_WARN_BLOCK_CAPTURE_AUTORELEASING = YES;
				CLANG_WARN_BOOL_CONVERSION = YES;
				CLANG_WARN_COMMA = YES;
				CLANG_WARN_CONSTANT_CONVERSION = YES;
				CLANG_WARN_DEPRECATED_OBJC_IMPLEMENTATIONS = YES;
				CLANG_WARN_DIRECT_OBJC_ISA_USAGE = YES_ERROR;
				CLANG_WARN_DOCUMENTATION_COMMENTS = YES;
				CLANG_WARN_EMPTY_BODY = YES;
				CLANG_WARN_ENUM_CONVERSION = YES;
				CLANG_WARN_INFINITE_RECURSION = YES;
				CLANG_WARN_INT_CONVERSION = YES;
				CLANG_WARN_NON_LITERAL_NULL_CONVERSION = YES;
				CLANG_WARN_OBJC_IMPLICIT_RETAIN_SELF = YES;
				CLANG_WARN_OBJC_LITERAL_CONVERSION = YES;
				CLANG_WARN_OBJC_ROOT_CLASS = YES_ERROR;
				CLANG_WARN_RANGE_LOOP_ANALYSIS = YES;
				CLANG_WARN_STRICT_PROTOTYPES = YES;
				CLANG_WARN_SUSPICIOUS_MOVE = YES;
				CLANG_WARN_UNGUARDED_AVAILABILITY = YES_AGGRESSIVE;
				CLANG_WARN_UNREACHABLE_CODE = YES;
				CLANG_WARN__DUPLICATE_METHOD_MATCH = YES;
				CODE_SIGN_IDENTITY = "iPhone Developer";
				COPY_PHASE_STRIP = NO;
				DEBUG_INFORMATION_FORMAT = dwarf;
				ENABLE_STRICT_OBJC_MSGSEND = YES;
				ENABLE_TESTABILITY = YES;
				GCC_C_LANGUAGE_STANDARD = gnu11;
				GCC_DYNAMIC_NO_PIC = NO;
				GCC_NO_COMMON_BLOCKS = YES;
				GCC_OPTIMIZATION_LEVEL = 0;
				GCC_PREPROCESSOR_DEFINITIONS = (
					"DEBUG=1",
					"$(inherited)",
				);
				GCC_WARN_64_TO_32_BIT_CONVERSION = YES;
				GCC_WARN_ABOUT_RETURN_TYPE = YES_ERROR;
				GCC_WARN_UNDECLARED_SELECTOR = YES;
				GCC_WARN_UNINITIALIZED_AUTOS = YES_AGGRESSIVE;
				GCC_WARN_UNUSED_FUNCTION = YES;
				GCC_WARN_UNUSED_VARIABLE = YES;
				IPHONEOS_DEPLOYMENT_TARGET = 12.2;
				MTL_ENABLE_DEBUG_INFO = INCLUDE_SOURCE;
				MTL_FAST_MATH = YES;
				ONLY_ACTIVE_ARCH = YES;
				SDKROOT = iphoneos;
				SWIFT_ACTIVE_COMPILATION_CONDITIONS = DEBUG;
				SWIFT_OPTIMIZATION_LEVEL = "-Onone";
			};
			name = Debug;
		};
		DBF5B03C23AABDB700DBBE90 /* Release */ = {
			isa = XCBuildConfiguration;
			buildSettings = {
				ALWAYS_SEARCH_USER_PATHS = NO;
				CLANG_ANALYZER_NONNULL = YES;
				CLANG_ANALYZER_NUMBER_OBJECT_CONVERSION = YES_AGGRESSIVE;
				CLANG_CXX_LANGUAGE_STANDARD = "gnu++14";
				CLANG_CXX_LIBRARY = "libc++";
				CLANG_ENABLE_MODULES = YES;
				CLANG_ENABLE_OBJC_ARC = YES;
				CLANG_ENABLE_OBJC_WEAK = YES;
				CLANG_WARN_BLOCK_CAPTURE_AUTORELEASING = YES;
				CLANG_WARN_BOOL_CONVERSION = YES;
				CLANG_WARN_COMMA = YES;
				CLANG_WARN_CONSTANT_CONVERSION = YES;
				CLANG_WARN_DEPRECATED_OBJC_IMPLEMENTATIONS = YES;
				CLANG_WARN_DIRECT_OBJC_ISA_USAGE = YES_ERROR;
				CLANG_WARN_DOCUMENTATION_COMMENTS = YES;
				CLANG_WARN_EMPTY_BODY = YES;
				CLANG_WARN_ENUM_CONVERSION = YES;
				CLANG_WARN_INFINITE_RECURSION = YES;
				CLANG_WARN_INT_CONVERSION = YES;
				CLANG_WARN_NON_LITERAL_NULL_CONVERSION = YES;
				CLANG_WARN_OBJC_IMPLICIT_RETAIN_SELF = YES;
				CLANG_WARN_OBJC_LITERAL_CONVERSION = YES;
				CLANG_WARN_OBJC_ROOT_CLASS = YES_ERROR;
				CLANG_WARN_RANGE_LOOP_ANALYSIS = YES;
				CLANG_WARN_STRICT_PROTOTYPES = YES;
				CLANG_WARN_SUSPICIOUS_MOVE = YES;
				CLANG_WARN_UNGUARDED_AVAILABILITY = YES_AGGRESSIVE;
				CLANG_WARN_UNREACHABLE_CODE = YES;
				CLANG_WARN__DUPLICATE_METHOD_MATCH = YES;
				CODE_SIGN_IDENTITY = "iPhone Developer";
				COPY_PHASE_STRIP = NO;
				DEBUG_INFORMATION_FORMAT = "dwarf-with-dsym";
				ENABLE_NS_ASSERTIONS = NO;
				ENABLE_STRICT_OBJC_MSGSEND = YES;
				GCC_C_LANGUAGE_STANDARD = gnu11;
				GCC_NO_COMMON_BLOCKS = YES;
				GCC_WARN_64_TO_32_BIT_CONVERSION = YES;
				GCC_WARN_ABOUT_RETURN_TYPE = YES_ERROR;
				GCC_WARN_UNDECLARED_SELECTOR = YES;
				GCC_WARN_UNINITIALIZED_AUTOS = YES_AGGRESSIVE;
				GCC_WARN_UNUSED_FUNCTION = YES;
				GCC_WARN_UNUSED_VARIABLE = YES;
				IPHONEOS_DEPLOYMENT_TARGET = 12.2;
				MTL_ENABLE_DEBUG_INFO = NO;
				MTL_FAST_MATH = YES;
				SDKROOT = iphoneos;
				SWIFT_COMPILATION_MODE = wholemodule;
				SWIFT_OPTIMIZATION_LEVEL = "-O";
				VALIDATE_PRODUCT = YES;
			};
			name = Release;
		};
		DBF5B03E23AABDB700DBBE90 /* Debug */ = {
			isa = XCBuildConfiguration;
			baseConfigurationReference = 8180F3B6EB1408EC921F47A9 /* Pods-TestTMBD.debug.xcconfig */;
			buildSettings = {
				ASSETCATALOG_COMPILER_APPICON_NAME = AppIcon;
				CODE_SIGN_IDENTITY = "iPhone Developer";
				CODE_SIGN_STYLE = Automatic;
				DEVELOPMENT_TEAM = "";
				INFOPLIST_FILE = TestTMBD/Info.plist;
				LD_RUNPATH_SEARCH_PATHS = (
					"$(inherited)",
					"@executable_path/Frameworks",
				);
				PRODUCT_BUNDLE_IDENTIFIER = thiagoApps.TestTMBD;
				PRODUCT_NAME = "$(TARGET_NAME)";
				PROVISIONING_PROFILE_SPECIFIER = "";
				SWIFT_VERSION = 5.0;
				TARGETED_DEVICE_FAMILY = "1,2";
			};
			name = Debug;
		};
		DBF5B03F23AABDB700DBBE90 /* Release */ = {
			isa = XCBuildConfiguration;
			baseConfigurationReference = 21E892D193E6B77D5B93AA6D /* Pods-TestTMBD.release.xcconfig */;
			buildSettings = {
				ASSETCATALOG_COMPILER_APPICON_NAME = AppIcon;
				CODE_SIGN_IDENTITY = "iPhone Developer";
				CODE_SIGN_STYLE = Automatic;
				DEVELOPMENT_TEAM = "";
				INFOPLIST_FILE = TestTMBD/Info.plist;
				LD_RUNPATH_SEARCH_PATHS = (
					"$(inherited)",
					"@executable_path/Frameworks",
				);
				PRODUCT_BUNDLE_IDENTIFIER = thiagoApps.TestTMBD;
				PRODUCT_NAME = "$(TARGET_NAME)";
				PROVISIONING_PROFILE_SPECIFIER = "";
				SWIFT_VERSION = 5.0;
				TARGETED_DEVICE_FAMILY = "1,2";
			};
			name = Release;
		};
		DBF5B04123AABDB700DBBE90 /* Debug */ = {
			isa = XCBuildConfiguration;
			baseConfigurationReference = 9782CC792B9CCA8E6BB0C288 /* Pods-TestTMBDTests.debug.xcconfig */;
			buildSettings = {
				ALWAYS_EMBED_SWIFT_STANDARD_LIBRARIES = YES;
				BUNDLE_LOADER = "$(TEST_HOST)";
				CLANG_ENABLE_MODULES = YES;
				CODE_SIGN_STYLE = Automatic;
				DEVELOPMENT_TEAM = "";
				INFOPLIST_FILE = TestTMBDTests/Info.plist;
				LD_RUNPATH_SEARCH_PATHS = (
					"$(inherited)",
					"@executable_path/Frameworks",
					"@loader_path/Frameworks",
				);
				PRODUCT_BUNDLE_IDENTIFIER = thiagoApps.TestTMBDTests;
				PRODUCT_NAME = "$(TARGET_NAME)";
				SWIFT_OPTIMIZATION_LEVEL = "-Onone";
				SWIFT_VERSION = 5.0;
				TARGETED_DEVICE_FAMILY = "1,2";
				TEST_HOST = "$(BUILT_PRODUCTS_DIR)/TestTMBD.app/TestTMBD";
			};
			name = Debug;
		};
		DBF5B04223AABDB700DBBE90 /* Release */ = {
			isa = XCBuildConfiguration;
			baseConfigurationReference = F37FBEC24E17AC1DAAF6BE16 /* Pods-TestTMBDTests.release.xcconfig */;
			buildSettings = {
				ALWAYS_EMBED_SWIFT_STANDARD_LIBRARIES = YES;
				BUNDLE_LOADER = "$(TEST_HOST)";
				CLANG_ENABLE_MODULES = YES;
				CODE_SIGN_STYLE = Automatic;
				DEVELOPMENT_TEAM = "";
				INFOPLIST_FILE = TestTMBDTests/Info.plist;
				LD_RUNPATH_SEARCH_PATHS = (
					"$(inherited)",
					"@executable_path/Frameworks",
					"@loader_path/Frameworks",
				);
				PRODUCT_BUNDLE_IDENTIFIER = thiagoApps.TestTMBDTests;
				PRODUCT_NAME = "$(TARGET_NAME)";
				SWIFT_VERSION = 5.0;
				TARGETED_DEVICE_FAMILY = "1,2";
				TEST_HOST = "$(BUILT_PRODUCTS_DIR)/TestTMBD.app/TestTMBD";
			};
			name = Release;
		};
/* End XCBuildConfiguration section */

/* Begin XCConfigurationList section */
		DBF5B01B23AABDB500DBBE90 /* Build configuration list for PBXProject "TestTMBD" */ = {
			isa = XCConfigurationList;
			buildConfigurations = (
				DBF5B03B23AABDB700DBBE90 /* Debug */,
				DBF5B03C23AABDB700DBBE90 /* Release */,
			);
			defaultConfigurationIsVisible = 0;
			defaultConfigurationName = Release;
		};
		DBF5B03D23AABDB700DBBE90 /* Build configuration list for PBXNativeTarget "TestTMBD" */ = {
			isa = XCConfigurationList;
			buildConfigurations = (
				DBF5B03E23AABDB700DBBE90 /* Debug */,
				DBF5B03F23AABDB700DBBE90 /* Release */,
			);
			defaultConfigurationIsVisible = 0;
			defaultConfigurationName = Release;
		};
		DBF5B04023AABDB700DBBE90 /* Build configuration list for PBXNativeTarget "TestTMBDTests" */ = {
			isa = XCConfigurationList;
			buildConfigurations = (
				DBF5B04123AABDB700DBBE90 /* Debug */,
				DBF5B04223AABDB700DBBE90 /* Release */,
			);
			defaultConfigurationIsVisible = 0;
			defaultConfigurationName = Release;
		};
/* End XCConfigurationList section */
	};
	rootObject = DBF5B01823AABDB500DBBE90 /* Project object */;
}
